
Microsoft Visual Studio Solution File, Format Version 12.00
# Visual Studio 15
VisualStudioVersion = 15.0.28307.705
MinimumVisualStudioVersion = 10.0.40219.1
Project("{A07B5EB6-E848-4116-A8D0-A826331D98C6}") = "library", "library\library.sfproj", "{ED9647D7-58EC-4206-AE67-1C64E3CC6D66}"
EndProject
Project("{FAE04EC0-301F-11D3-BF4B-00C04F79EFBC}") = "Web1", "Web1\Web1.csproj", "{0FE1AD99-A43A-466B-AE5B-347AA971ADEF}"
EndProject
Global
	GlobalSection(SolutionConfigurationPlatforms) = preSolution
		Debug|Any CPU = Debug|Any CPU
		Debug|x64 = Debug|x64
		Release|Any CPU = Release|Any CPU
		Release|x64 = Release|x64
	EndGlobalSection
	GlobalSection(ProjectConfigurationPlatforms) = postSolution
		{ED9647D7-58EC-4206-AE67-1C64E3CC6D66}.Debug|Any CPU.ActiveCfg = Debug|x64
		{ED9647D7-58EC-4206-AE67-1C64E3CC6D66}.Debug|x64.ActiveCfg = Debug|x64
		{ED9647D7-58EC-4206-AE67-1C64E3CC6D66}.Debug|x64.Build.0 = Debug|x64
		{ED9647D7-58EC-4206-AE67-1C64E3CC6D66}.Debug|x64.Deploy.0 = Debug|x64
		{ED9647D7-58EC-4206-AE67-1C64E3CC6D66}.Release|Any CPU.ActiveCfg = Release|x64
		{ED9647D7-58EC-4206-AE67-1C64E3CC6D66}.Release|x64.ActiveCfg = Release|x64
		{ED9647D7-58EC-4206-AE67-1C64E3CC6D66}.Release|x64.Build.0 = Release|x64
		{ED9647D7-58EC-4206-AE67-1C64E3CC6D66}.Release|x64.Deploy.0 = Release|x64
		{0FE1AD99-A43A-466B-AE5B-347AA971ADEF}.Debug|Any CPU.ActiveCfg = Debug|Any CPU
		{0FE1AD99-A43A-466B-AE5B-347AA971ADEF}.Debug|Any CPU.Build.0 = Debug|Any CPU
		{0FE1AD99-A43A-466B-AE5B-347AA971ADEF}.Debug|x64.ActiveCfg = Debug|Any CPU
		{0FE1AD99-A43A-466B-AE5B-347AA971ADEF}.Debug|x64.Build.0 = Debug|Any CPU
		{0FE1AD99-A43A-466B-AE5B-347AA971ADEF}.Release|Any CPU.ActiveCfg = Release|Any CPU
		{0FE1AD99-A43A-466B-AE5B-347AA971ADEF}.Release|Any CPU.Build.0 = Release|Any CPU
		{0FE1AD99-A43A-466B-AE5B-347AA971ADEF}.Release|x64.ActiveCfg = Release|Any CPU
		{0FE1AD99-A43A-466B-AE5B-347AA971ADEF}.Release|x64.Build.0 = Release|Any CPU
	EndGlobalSection
	GlobalSection(SolutionProperties) = preSolution
		HideSolutionNode = FALSE
	EndGlobalSection
	GlobalSection(ExtensibilityGlobals) = postSolution
		SolutionGuid = {2A67FDF5-9916-40DF-9358-638B79023F5E}
	EndGlobalSection
EndGlobal
